# THIS IS AN AUTOGENERATED FILE. DO NOT EDIT THIS FILE DIRECTLY.
# yarn lockfile v1


bootstrap@^3.3.7:
  version "3.3.7"
  resolved "https://registry.yarnpkg.com/bootstrap/-/bootstrap-3.3.7.tgz#5a389394549f23330875a3b150656574f8a9eb71"

lodash@^4.13.0:
  version "4.17.10"
  resolved "https://registry.yarnpkg.com/lodash/-/lodash-4.17.10.tgz#1b7793cf7259ea38fb3661d4d38b3260af8ae4e7"

ruby@^0.6.1:
  version "0.6.1"
  resolved "https://registry.yarnpkg.com/ruby/-/ruby-0.6.1.tgz#b3fee5787e4f9c0d5814d6166a5b5dbcfb24ba35"
  dependencies:
    lodash "^4.13.0"
